{
  "name": "node-red-node-stomp",
  "version": "0.0.12",
  "lockfileVersion": 1,
  "requires": true,
  "dependencies": {
    "qs": {
      "version": "6.9.4",
      "resolved": "https://registry.npmjs.org/qs/-/qs-6.9.4.tgz",
      "integrity": "sha512-A1kFqHekCTM7cz0udomYUoYNWjBebHm/5wzU/XqrBRBNWectVH0QIiN+NEcZ0Dte5hvzHwbr8+XQmguPhJ6WdQ=="
    },
    "stompit": {
      "version": "github:emuanalytics/stompit#e4401864349349d34b51c9fd16de7b601f0ea0e1",
      "from": "github:emuanalytics/stompit",
      "requires": {
        "qs": "~6.9.1"
      }
    }
  }
}
